// !$*UTF8*$!
{
	archiveVersion = 1;
	classes = {
	};
	objectVersion = 56;
	objects = {

/* Begin PBXBuildFile section */
		0F1A3F19295DB50E008DAEAE /* AppDelegate.swift in Sources */ = {isa = PBXBuildFile; fileRef = 0F1A3F18295DB50E008DAEAE /* AppDelegate.swift */; };
		0F1A3F1B295DB50E008DAEAE /* SceneDelegate.swift in Sources */ = {isa = PBXBuildFile; fileRef = 0F1A3F1A295DB50E008DAEAE /* SceneDelegate.swift */; };
		0F1A3F20295DB50E008DAEAE /* Main.storyboard in Resources */ = {isa = PBXBuildFile; fileRef = 0F1A3F1E295DB50E008DAEAE /* Main.storyboard */; };
		0F1A3F22295DB510008DAEAE /* Assets.xcassets in Resources */ = {isa = PBXBuildFile; fileRef = 0F1A3F21295DB510008DAEAE /* Assets.xcassets */; };
		0F1A3F25295DB510008DAEAE /* LaunchScreen.storyboard in Resources */ = {isa = PBXBuildFile; fileRef = 0F1A3F23295DB510008DAEAE /* LaunchScreen.storyboard */; };
		0F1A3F2D295DB88C008DAEAE /* MemoViewModel.swift in Sources */ = {isa = PBXBuildFile; fileRef = 0F1A3F2C295DB88C008DAEAE /* MemoViewModel.swift */; };
		0F1A3F2F295DBA0B008DAEAE /* MemoViewController.swift in Sources */ = {isa = PBXBuildFile; fileRef = 0F1A3F2E295DBA0B008DAEAE /* MemoViewController.swift */; };
		0F1A3F31295DBCF9008DAEAE /* MemoTableViewCell.swift in Sources */ = {isa = PBXBuildFile; fileRef = 0F1A3F30295DBCF9008DAEAE /* MemoTableViewCell.swift */; };
		0F1A3F33295EAEFC008DAEAE /* WriteMemoViewController.swift in Sources */ = {isa = PBXBuildFile; fileRef = 0F1A3F32295EAEFB008DAEAE /* WriteMemoViewController.swift */; };
		0F1A3F35295EAF17008DAEAE /* MemoDetailViewController.swift in Sources */ = {isa = PBXBuildFile; fileRef = 0F1A3F34295EAF17008DAEAE /* MemoDetailViewController.swift */; };
		0F1A3F3A295EBE8E008DAEAE /* Memo.swift in Sources */ = {isa = PBXBuildFile; fileRef = 0F1A3F39295EBE8E008DAEAE /* Memo.swift */; };
		0F1A3F3D296C465D008DAEAE /* WriteMemoViewModel.swift in Sources */ = {isa = PBXBuildFile; fileRef = 0F1A3F3C296C465D008DAEAE /* WriteMemoViewModel.swift */; };
		0F1A3F3F29714C40008DAEAE /* EditMemoViewController.swift in Sources */ = {isa = PBXBuildFile; fileRef = 0F1A3F3E29714C40008DAEAE /* EditMemoViewController.swift */; };
		0F1A3F682976E49B008DAEAE /* MemoDetailViewModel.swift in Sources */ = {isa = PBXBuildFile; fileRef = 0F1A3F672976E49B008DAEAE /* MemoDetailViewModel.swift */; };
		F7BD6B8903CBF765336FC2B2 /* Pods_RxswiftMVVMTest.framework in Frameworks */ = {isa = PBXBuildFile; fileRef = 7434A66C7C4763D05BA4DE16 /* Pods_RxswiftMVVMTest.framework */; };
/* End PBXBuildFile section */

/* Begin PBXFileReference section */
		0F1A3F15295DB50E008DAEAE /* RxswiftMVVMTest.app */ = {isa = PBXFileReference; explicitFileType = wrapper.application; includeInIndex = 0; path = RxswiftMVVMTest.app; sourceTree = BUILT_PRODUCTS_DIR; };
		0F1A3F18295DB50E008DAEAE /* AppDelegate.swift */ = {isa = PBXFileReference; lastKnownFileType = sourcecode.swift; path = AppDelegate.swift; sourceTree = "<group>"; };
		0F1A3F1A295DB50E008DAEAE /* SceneDelegate.swift */ = {isa = PBXFileReference; lastKnownFileType = sourcecode.swift; path = SceneDelegate.swift; sourceTree = "<group>"; };
		0F1A3F1F295DB50E008DAEAE /* Base */ = {isa = PBXFileReference; lastKnownFileType = file.storyboard; name = Base; path = Base.lproj/Main.storyboard; sourceTree = "<group>"; };
		0F1A3F21295DB510008DAEAE /* Assets.xcassets */ = {isa = PBXFileReference; lastKnownFileType = folder.assetcatalog; path = Assets.xcassets; sourceTree = "<group>"; };
		0F1A3F24295DB510008DAEAE /* Base */ = {isa = PBXFileReference; lastKnownFileType = file.storyboard; name = Base; path = Base.lproj/LaunchScreen.storyboard; sourceTree = "<group>"; };
		0F1A3F26295DB510008DAEAE /* Info.plist */ = {isa = PBXFileReference; lastKnownFileType = text.plist.xml; path = Info.plist; sourceTree = "<group>"; };
		0F1A3F2C295DB88C008DAEAE /* MemoViewModel.swift */ = {isa = PBXFileReference; lastKnownFileType = sourcecode.swift; path = MemoViewModel.swift; sourceTree = "<group>"; };
		0F1A3F2E295DBA0B008DAEAE /* MemoViewController.swift */ = {isa = PBXFileReference; lastKnownFileType = sourcecode.swift; path = MemoViewController.swift; sourceTree = "<group>"; };
		0F1A3F30295DBCF9008DAEAE /* MemoTableViewCell.swift */ = {isa = PBXFileReference; lastKnownFileType = sourcecode.swift; path = MemoTableViewCell.swift; sourceTree = "<group>"; };
		0F1A3F32295EAEFB008DAEAE /* WriteMemoViewController.swift */ = {isa = PBXFileReference; lastKnownFileType = sourcecode.swift; path = WriteMemoViewController.swift; sourceTree = "<group>"; };
		0F1A3F34295EAF17008DAEAE /* MemoDetailViewController.swift */ = {isa = PBXFileReference; lastKnownFileType = sourcecode.swift; path = MemoDetailViewController.swift; sourceTree = "<group>"; };
		0F1A3F39295EBE8E008DAEAE /* Memo.swift */ = {isa = PBXFileReference; lastKnownFileType = sourcecode.swift; path = Memo.swift; sourceTree = "<group>"; };
		0F1A3F3C296C465D008DAEAE /* WriteMemoViewModel.swift */ = {isa = PBXFileReference; lastKnownFileType = sourcecode.swift; path = WriteMemoViewModel.swift; sourceTree = "<group>"; };
		0F1A3F3E29714C40008DAEAE /* EditMemoViewController.swift */ = {isa = PBXFileReference; lastKnownFileType = sourcecode.swift; path = EditMemoViewController.swift; sourceTree = "<group>"; };
		0F1A3F672976E49B008DAEAE /* MemoDetailViewModel.swift */ = {isa = PBXFileReference; lastKnownFileType = sourcecode.swift; path = MemoDetailViewModel.swift; sourceTree = "<group>"; };
		6D547CC796B3D776BCC3C3A5 /* Pods-RxswiftMVVMTest.release.xcconfig */ = {isa = PBXFileReference; includeInIndex = 1; lastKnownFileType = text.xcconfig; name = "Pods-RxswiftMVVMTest.release.xcconfig"; path = "Target Support Files/Pods-RxswiftMVVMTest/Pods-RxswiftMVVMTest.release.xcconfig"; sourceTree = "<group>"; };
		7434A66C7C4763D05BA4DE16 /* Pods_RxswiftMVVMTest.framework */ = {isa = PBXFileReference; explicitFileType = wrapper.framework; includeInIndex = 0; path = Pods_RxswiftMVVMTest.framework; sourceTree = BUILT_PRODUCTS_DIR; };
		7F13125F3C7FAD81BCD1B5F7 /* Pods-RxswiftMVVMTest.debug.xcconfig */ = {isa = PBXFileReference; includeInIndex = 1; lastKnownFileType = text.xcconfig; name = "Pods-RxswiftMVVMTest.debug.xcconfig"; path = "Target Support Files/Pods-RxswiftMVVMTest/Pods-RxswiftMVVMTest.debug.xcconfig"; sourceTree = "<group>"; };
/* End PBXFileReference section */

/* Begin PBXFrameworksBuildPhase section */
		0F1A3F12295DB50E008DAEAE /* Frameworks */ = {
			isa = PBXFrameworksBuildPhase;
			buildActionMask = 2147483647;
			files = (
				F7BD6B8903CBF765336FC2B2 /* Pods_RxswiftMVVMTest.framework in Frameworks */,
			);
			runOnlyForDeploymentPostprocessing = 0;
		};
/* End PBXFrameworksBuildPhase section */

/* Begin PBXGroup section */
		0F1A3F0C295DB50E008DAEAE = {
			isa = PBXGroup;
			children = (
				0F1A3F17295DB50E008DAEAE /* RxswiftMVVMTest */,
				0F1A3F16295DB50E008DAEAE /* Products */,
				942D04CCF6373C6F00773895 /* Pods */,
				A424C17195BD92C4453C2417 /* Frameworks */,
			);
			sourceTree = "<group>";
		};
		0F1A3F16295DB50E008DAEAE /* Products */ = {
			isa = PBXGroup;
			children = (
				0F1A3F15295DB50E008DAEAE /* RxswiftMVVMTest.app */,
			);
			name = Products;
			sourceTree = "<group>";
		};
		0F1A3F17295DB50E008DAEAE /* RxswiftMVVMTest */ = {
			isa = PBXGroup;
			children = (
				0F1A3F692976E84D008DAEAE /* App */,
				0F1A3F36295EBE0E008DAEAE /* Model */,
				0F1A3F38295EBE63008DAEAE /* View */,
				0F1A3F37295EBE59008DAEAE /* ViewModel */,
				0F1A3F21295DB510008DAEAE /* Assets.xcassets */,
				0F1A3F26295DB510008DAEAE /* Info.plist */,
			);
			path = RxswiftMVVMTest;
			sourceTree = "<group>";
		};
		0F1A3F36295EBE0E008DAEAE /* Model */ = {
			isa = PBXGroup;
			children = (
				0F1A3F39295EBE8E008DAEAE /* Memo.swift */,
			);
			path = Model;
			sourceTree = "<group>";
		};
		0F1A3F37295EBE59008DAEAE /* ViewModel */ = {
			isa = PBXGroup;
			children = (
				0F1A3F2C295DB88C008DAEAE /* MemoViewModel.swift */,
				0F1A3F3C296C465D008DAEAE /* WriteMemoViewModel.swift */,
				0F1A3F672976E49B008DAEAE /* MemoDetailViewModel.swift */,
			);
			path = ViewModel;
			sourceTree = "<group>";
		};
		0F1A3F38295EBE63008DAEAE /* View */ = {
			isa = PBXGroup;
			children = (
				0F1A3F30295DBCF9008DAEAE /* MemoTableViewCell.swift */,
				0F1A3F2E295DBA0B008DAEAE /* MemoViewController.swift */,
				0F1A3F32295EAEFB008DAEAE /* WriteMemoViewController.swift */,
				0F1A3F3E29714C40008DAEAE /* EditMemoViewController.swift */,
				0F1A3F34295EAF17008DAEAE /* MemoDetailViewController.swift */,
			);
			path = View;
			sourceTree = "<group>";
		};
		0F1A3F692976E84D008DAEAE /* App */ = {
			isa = PBXGroup;
			children = (
				0F1A3F18295DB50E008DAEAE /* AppDelegate.swift */,
				0F1A3F1A295DB50E008DAEAE /* SceneDelegate.swift */,
				0F1A3F1E295DB50E008DAEAE /* Main.storyboard */,
				0F1A3F23295DB510008DAEAE /* LaunchScreen.storyboard */,
			);
			path = App;
			sourceTree = "<group>";
		};
		942D04CCF6373C6F00773895 /* Pods */ = {
			isa = PBXGroup;
			children = (
				7F13125F3C7FAD81BCD1B5F7 /* Pods-RxswiftMVVMTest.debug.xcconfig */,
				6D547CC796B3D776BCC3C3A5 /* Pods-RxswiftMVVMTest.release.xcconfig */,
			);
			path = Pods;
			sourceTree = "<group>";
		};
		A424C17195BD92C4453C2417 /* Frameworks */ = {
			isa = PBXGroup;
			children = (
				7434A66C7C4763D05BA4DE16 /* Pods_RxswiftMVVMTest.framework */,
			);
			name = Frameworks;
			sourceTree = "<group>";
		};
/* End PBXGroup section */

/* Begin PBXNativeTarget section */
		0F1A3F14295DB50E008DAEAE /* RxswiftMVVMTest */ = {
			isa = PBXNativeTarget;
			buildConfigurationList = 0F1A3F29295DB510008DAEAE /* Build configuration list for PBXNativeTarget "RxswiftMVVMTest" */;
			buildPhases = (
				A29051D1FE762B1052376405 /* [CP] Check Pods Manifest.lock */,
				0F1A3F11295DB50E008DAEAE /* Sources */,
				0F1A3F12295DB50E008DAEAE /* Frameworks */,
				0F1A3F13295DB50E008DAEAE /* Resources */,
				275B20B16CF325CFFFE681D8 /* [CP] Embed Pods Frameworks */,
			);
			buildRules = (
			);
			dependencies = (
			);
			name = RxswiftMVVMTest;
			productName = RxswiftMVVMTest;
			productReference = 0F1A3F15295DB50E008DAEAE /* RxswiftMVVMTest.app */;
			productType = "com.apple.product-type.application";
		};
/* End PBXNativeTarget section */

/* Begin PBXProject section */
		0F1A3F0D295DB50E008DAEAE /* Project object */ = {
			isa = PBXProject;
			attributes = {
				BuildIndependentTargetsInParallel = 1;
				LastSwiftUpdateCheck = 1420;
				LastUpgradeCheck = 1420;
				TargetAttributes = {
					0F1A3F14295DB50E008DAEAE = {
						CreatedOnToolsVersion = 14.2;
					};
				};
			};
			buildConfigurationList = 0F1A3F10295DB50E008DAEAE /* Build configuration list for PBXProject "RxswiftMVVMTest" */;
			compatibilityVersion = "Xcode 14.0";
			developmentRegion = en;
			hasScannedForEncodings = 0;
			knownRegions = (
				en,
				Base,
			);
			mainGroup = 0F1A3F0C295DB50E008DAEAE;
			productRefGroup = 0F1A3F16295DB50E008DAEAE /* Products */;
			projectDirPath = "";
			projectRoot = "";
			targets = (
				0F1A3F14295DB50E008DAEAE /* RxswiftMVVMTest */,
			);
		};
/* End PBXProject section */

/* Begin PBXResourcesBuildPhase section */
		0F1A3F13295DB50E008DAEAE /* Resources */ = {
			isa = PBXResourcesBuildPhase;
			buildActionMask = 2147483647;
			files = (
				0F1A3F25295DB510008DAEAE /* LaunchScreen.storyboard in Resources */,
				0F1A3F22295DB510008DAEAE /* Assets.xcassets in Resources */,
				0F1A3F20295DB50E008DAEAE /* Main.storyboard in Resources */,
			);
			runOnlyForDeploymentPostprocessing = 0;
		};
/* End PBXResourcesBuildPhase section */

/* Begin PBXShellScriptBuildPhase section */
		275B20B16CF325CFFFE681D8 /* [CP] Embed Pods Frameworks */ = {
			isa = PBXShellScriptBuildPhase;
			buildActionMask = 2147483647;
			files = (
			);
			inputFileListPaths = (
				"${PODS_ROOT}/Target Support Files/Pods-RxswiftMVVMTest/Pods-RxswiftMVVMTest-frameworks-${CONFIGURATION}-input-files.xcfilelist",
			);
			name = "[CP] Embed Pods Frameworks";
			outputFileListPaths = (
				"${PODS_ROOT}/Target Support Files/Pods-RxswiftMVVMTest/Pods-RxswiftMVVMTest-frameworks-${CONFIGURATION}-output-files.xcfilelist",
			);
			runOnlyForDeploymentPostprocessing = 0;
			shellPath = /bin/sh;
			shellScript = "\"${PODS_ROOT}/Target Support Files/Pods-RxswiftMVVMTest/Pods-RxswiftMVVMTest-frameworks.sh\"\n";
			showEnvVarsInLog = 0;
		};
		A29051D1FE762B1052376405 /* [CP] Check Pods Manifest.lock */ = {
			isa = PBXShellScriptBuildPhase;
			buildActionMask = 2147483647;
			files = (
			);
			inputFileListPaths = (
			);
			inputPaths = (
				"${PODS_PODFILE_DIR_PATH}/Podfile.lock",
				"${PODS_ROOT}/Manifest.lock",
			);
			name = "[CP] Check Pods Manifest.lock";
			outputFileListPaths = (
			);
			outputPaths = (
				"$(DERIVED_FILE_DIR)/Pods-RxswiftMVVMTest-checkManifestLockResult.txt",
			);
			runOnlyForDeploymentPostprocessing = 0;
			shellPath = /bin/sh;
			shellScript = "diff \"${PODS_PODFILE_DIR_PATH}/Podfile.lock\" \"${PODS_ROOT}/Manifest.lock\" > /dev/null\nif [ $? != 0 ] ; then\n    # print error to STDERR\n    echo \"error: The sandbox is not in sync with the Podfile.lock. Run 'pod install' or update your CocoaPods installation.\" >&2\n    exit 1\nfi\n# This output is used by Xcode 'outputs' to avoid re-running this script phase.\necho \"SUCCESS\" > \"${SCRIPT_OUTPUT_FILE_0}\"\n";
			showEnvVarsInLog = 0;
		};
/* End PBXShellScriptBuildPhase section */

/* Begin PBXSourcesBuildPhase section */
		0F1A3F11295DB50E008DAEAE /* Sources */ = {
			isa = PBXSourcesBuildPhase;
			buildActionMask = 2147483647;
			files = (
				0F1A3F35295EAF17008DAEAE /* MemoDetailViewController.swift in Sources */,
				0F1A3F31295DBCF9008DAEAE /* MemoTableViewCell.swift in Sources */,
				0F1A3F2F295DBA0B008DAEAE /* MemoViewController.swift in Sources */,
				0F1A3F3A295EBE8E008DAEAE /* Memo.swift in Sources */,
				0F1A3F2D295DB88C008DAEAE /* MemoViewModel.swift in Sources */,
				0F1A3F19295DB50E008DAEAE /* AppDelegate.swift in Sources */,
				0F1A3F3D296C465D008DAEAE /* WriteMemoViewModel.swift in Sources */,
				0F1A3F682976E49B008DAEAE /* MemoDetailViewModel.swift in Sources */,
				0F1A3F33295EAEFC008DAEAE /* WriteMemoViewController.swift in Sources */,
				0F1A3F3F29714C40008DAEAE /* EditMemoViewController.swift in Sources */,
				0F1A3F1B295DB50E008DAEAE /* SceneDelegate.swift in Sources */,
			);
			runOnlyForDeploymentPostprocessing = 0;
		};
/* End PBXSourcesBuildPhase section */

/* Begin PBXVariantGroup section */
		0F1A3F1E295DB50E008DAEAE /* Main.storyboard */ = {
			isa = PBXVariantGroup;
			children = (
				0F1A3F1F295DB50E008DAEAE /* Base */,
			);
			name = Main.storyboard;
			sourceTree = "<group>";
		};
		0F1A3F23295DB510008DAEAE /* LaunchScreen.storyboard */ = {
			isa = PBXVariantGroup;
			children = (
				0F1A3F24295DB510008DAEAE /* Base */,
			);
			name = LaunchScreen.storyboard;
			sourceTree = "<group>";
		};
/* End PBXVariantGroup section */

/* Begin XCBuildConfiguration section */
		0F1A3F27295DB510008DAEAE /* Debug */ = {
			isa = XCBuildConfiguration;
			buildSettings = {
				ALWAYS_SEARCH_USER_PATHS = NO;
				CLANG_ANALYZER_NONNULL = YES;
				CLANG_ANALYZER_NUMBER_OBJECT_CONVERSION = YES_AGGRESSIVE;
				CLANG_CXX_LANGUAGE_STANDARD = "gnu++20";
				CLANG_ENABLE_MODULES = YES;
				CLANG_ENABLE_OBJC_ARC = YES;
				CLANG_ENABLE_OBJC_WEAK = YES;
				CLANG_WARN_BLOCK_CAPTURE_AUTORELEASING = YES;
				CLANG_WARN_BOOL_CONVERSION = YES;
				CLANG_WARN_COMMA = YES;
				CLANG_WARN_CONSTANT_CONVERSION = YES;
				CLANG_WARN_DEPRECATED_OBJC_IMPLEMENTATIONS = YES;
				CLANG_WARN_DIRECT_OBJC_ISA_USAGE = YES_ERROR;
				CLANG_WARN_DOCUMENTATION_COMMENTS = YES;
				CLANG_WARN_EMPTY_BODY = YES;
				CLANG_WARN_ENUM_CONVERSION = YES;
				CLANG_WARN_INFINITE_RECURSION = YES;
				CLANG_WARN_INT_CONVERSION = YES;
				CLANG_WARN_NON_LITERAL_NULL_CONVERSION = YES;
				CLANG_WARN_OBJC_IMPLICIT_RETAIN_SELF = YES;
				CLANG_WARN_OBJC_LITERAL_CONVERSION = YES;
				CLANG_WARN_OBJC_ROOT_CLASS = YES_ERROR;
				CLANG_WARN_QUOTED_INCLUDE_IN_FRAMEWORK_HEADER = YES;
				CLANG_WARN_RANGE_LOOP_ANALYSIS = YES;
				CLANG_WARN_STRICT_PROTOTYPES = YES;
				CLANG_WARN_SUSPICIOUS_MOVE = YES;
				CLANG_WARN_UNGUARDED_AVAILABILITY = YES_AGGRESSIVE;
				CLANG_WARN_UNREACHABLE_CODE = YES;
				CLANG_WARN__DUPLICATE_METHOD_MATCH = YES;
				COPY_PHASE_STRIP = NO;
				DEBUG_INFORMATION_FORMAT = dwarf;
				ENABLE_STRICT_OBJC_MSGSEND = YES;
				ENABLE_TESTABILITY = YES;
				GCC_C_LANGUAGE_STANDARD = gnu11;
				GCC_DYNAMIC_NO_PIC = NO;
				GCC_NO_COMMON_BLOCKS = YES;
				GCC_OPTIMIZATION_LEVEL = 0;
				GCC_PREPROCESSOR_DEFINITIONS = (
					"DEBUG=1",
					"$(inherited)",
				);
				GCC_WARN_64_TO_32_BIT_CONVERSION = YES;
				GCC_WARN_ABOUT_RETURN_TYPE = YES_ERROR;
				GCC_WARN_UNDECLARED_SELECTOR = YES;
				GCC_WARN_UNINITIALIZED_AUTOS = YES_AGGRESSIVE;
				GCC_WARN_UNUSED_FUNCTION = YES;
				GCC_WARN_UNUSED_VARIABLE = YES;
				IPHONEOS_DEPLOYMENT_TARGET = 16.2;
				MTL_ENABLE_DEBUG_INFO = INCLUDE_SOURCE;
				MTL_FAST_MATH = YES;
				ONLY_ACTIVE_ARCH = YES;
				SDKROOT = iphoneos;
				SWIFT_ACTIVE_COMPILATION_CONDITIONS = DEBUG;
				SWIFT_OPTIMIZATION_LEVEL = "-Onone";
			};
			name = Debug;
		};
		0F1A3F28295DB510008DAEAE /* Release */ = {
			isa = XCBuildConfiguration;
			buildSettings = {
				ALWAYS_SEARCH_USER_PATHS = NO;
				CLANG_ANALYZER_NONNULL = YES;
				CLANG_ANALYZER_NUMBER_OBJECT_CONVERSION = YES_AGGRESSIVE;
				CLANG_CXX_LANGUAGE_STANDARD = "gnu++20";
				CLANG_ENABLE_MODULES = YES;
				CLANG_ENABLE_OBJC_ARC = YES;
				CLANG_ENABLE_OBJC_WEAK = YES;
				CLANG_WARN_BLOCK_CAPTURE_AUTORELEASING = YES;
				CLANG_WARN_BOOL_CONVERSION = YES;
				CLANG_WARN_COMMA = YES;
				CLANG_WARN_CONSTANT_CONVERSION = YES;
				CLANG_WARN_DEPRECATED_OBJC_IMPLEMENTATIONS = YES;
				CLANG_WARN_DIRECT_OBJC_ISA_USAGE = YES_ERROR;
				CLANG_WARN_DOCUMENTATION_COMMENTS = YES;
				CLANG_WARN_EMPTY_BODY = YES;
				CLANG_WARN_ENUM_CONVERSION = YES;
				CLANG_WARN_INFINITE_RECURSION = YES;
				CLANG_WARN_INT_CONVERSION = YES;
				CLANG_WARN_NON_LITERAL_NULL_CONVERSION = YES;
				CLANG_WARN_OBJC_IMPLICIT_RETAIN_SELF = YES;
				CLANG_WARN_OBJC_LITERAL_CONVERSION = YES;
				CLANG_WARN_OBJC_ROOT_CLASS = YES_ERROR;
				CLANG_WARN_QUOTED_INCLUDE_IN_FRAMEWORK_HEADER = YES;
				CLANG_WARN_RANGE_LOOP_ANALYSIS = YES;
				CLANG_WARN_STRICT_PROTOTYPES = YES;
				CLANG_WARN_SUSPICIOUS_MOVE = YES;
				CLANG_WARN_UNGUARDED_AVAILABILITY = YES_AGGRESSIVE;
				CLANG_WARN_UNREACHABLE_CODE = YES;
				CLANG_WARN__DUPLICATE_METHOD_MATCH = YES;
				COPY_PHASE_STRIP = NO;
				DEBUG_INFORMATION_FORMAT = "dwarf-with-dsym";
				ENABLE_NS_ASSERTIONS = NO;
				ENABLE_STRICT_OBJC_MSGSEND = YES;
				GCC_C_LANGUAGE_STANDARD = gnu11;
				GCC_NO_COMMON_BLOCKS = YES;
				GCC_WARN_64_TO_32_BIT_CONVERSION = YES;
				GCC_WARN_ABOUT_RETURN_TYPE = YES_ERROR;
				GCC_WARN_UNDECLARED_SELECTOR = YES;
				GCC_WARN_UNINITIALIZED_AUTOS = YES_AGGRESSIVE;
				GCC_WARN_UNUSED_FUNCTION = YES;
				GCC_WARN_UNUSED_VARIABLE = YES;
				IPHONEOS_DEPLOYMENT_TARGET = 16.2;
				MTL_ENABLE_DEBUG_INFO = NO;
				MTL_FAST_MATH = YES;
				SDKROOT = iphoneos;
				SWIFT_COMPILATION_MODE = wholemodule;
				SWIFT_OPTIMIZATION_LEVEL = "-O";
				VALIDATE_PRODUCT = YES;
			};
			name = Release;
		};
		0F1A3F2A295DB510008DAEAE /* Debug */ = {
			isa = XCBuildConfiguration;
			baseConfigurationReference = 7F13125F3C7FAD81BCD1B5F7 /* Pods-RxswiftMVVMTest.debug.xcconfig */;
			buildSettings = {
				ASSETCATALOG_COMPILER_APPICON_NAME = AppIcon;
				ASSETCATALOG_COMPILER_GLOBAL_ACCENT_COLOR_NAME = AccentColor;
				CODE_SIGN_STYLE = Automatic;
				CURRENT_PROJECT_VERSION = 1;
				DEVELOPMENT_TEAM = 5YFP2CJ2SY;
				GENERATE_INFOPLIST_FILE = YES;
				INFOPLIST_FILE = RxswiftMVVMTest/Info.plist;
				INFOPLIST_KEY_UIApplicationSupportsIndirectInputEvents = YES;
				INFOPLIST_KEY_UILaunchStoryboardName = LaunchScreen;
				INFOPLIST_KEY_UIMainStoryboardFile = Main;
				INFOPLIST_KEY_UISupportedInterfaceOrientations_iPad = "UIInterfaceOrientationPortrait UIInterfaceOrientationPortraitUpsideDown UIInterfaceOrientationLandscapeLeft UIInterfaceOrientationLandscapeRight";
				INFOPLIST_KEY_UISupportedInterfaceOrientations_iPhone = "UIInterfaceOrientationPortrait UIInterfaceOrientationLandscapeLeft UIInterfaceOrientationLandscapeRight";
				LD_RUNPATH_SEARCH_PATHS = (
					"$(inherited)",
					"@executable_path/Frameworks",
				);
				MARKETING_VERSION = 1.0;
				PRODUCT_BUNDLE_IDENTIFIER = sun.RxswiftMVVMTest;
				PRODUCT_NAME = "$(TARGET_NAME)";
				SWIFT_EMIT_LOC_STRINGS = YES;
				SWIFT_VERSION = 5.0;
				TARGETED_DEVICE_FAMILY = "1,2";
			};
			name = Debug;
		};
		0F1A3F2B295DB510008DAEAE /* Release */ = {
			isa = XCBuildConfiguration;
			baseConfigurationReference = 6D547CC796B3D776BCC3C3A5 /* Pods-RxswiftMVVMTest.release.xcconfig */;
			buildSettings = {
				ASSETCATALOG_COMPILER_APPICON_NAME = AppIcon;
				ASSETCATALOG_COMPILER_GLOBAL_ACCENT_COLOR_NAME = AccentColor;
				CODE_SIGN_STYLE = Automatic;
				CURRENT_PROJECT_VERSION = 1;
				DEVELOPMENT_TEAM = 5YFP2CJ2SY;
				GENERATE_INFOPLIST_FILE = YES;
				INFOPLIST_FILE = RxswiftMVVMTest/Info.plist;
				INFOPLIST_KEY_UIApplicationSupportsIndirectInputEvents = YES;
				INFOPLIST_KEY_UILaunchStoryboardName = LaunchScreen;
				INFOPLIST_KEY_UIMainStoryboardFile = Main;
				INFOPLIST_KEY_UISupportedInterfaceOrientations_iPad = "UIInterfaceOrientationPortrait UIInterfaceOrientationPortraitUpsideDown UIInterfaceOrientationLandscapeLeft UIInterfaceOrientationLandscapeRight";
				INFOPLIST_KEY_UISupportedInterfaceOrientations_iPhone = "UIInterfaceOrientationPortrait UIInterfaceOrientationLandscapeLeft UIInterfaceOrientationLandscapeRight";
				LD_RUNPATH_SEARCH_PATHS = (
					"$(inherited)",
					"@executable_path/Frameworks",
				);
				MARKETING_VERSION = 1.0;
				PRODUCT_BUNDLE_IDENTIFIER = sun.RxswiftMVVMTest;
				PRODUCT_NAME = "$(TARGET_NAME)";
				SWIFT_EMIT_LOC_STRINGS = YES;
				SWIFT_VERSION = 5.0;
				TARGETED_DEVICE_FAMILY = "1,2";
			};
			name = Release;
		};
/* End XCBuildConfiguration section */

/* Begin XCConfigurationList section */
		0F1A3F10295DB50E008DAEAE /* Build configuration list for PBXProject "RxswiftMVVMTest" */ = {
			isa = XCConfigurationList;
			buildConfigurations = (
				0F1A3F27295DB510008DAEAE /* Debug */,
				0F1A3F28295DB510008DAEAE /* Release */,
			);
			defaultConfigurationIsVisible = 0;
			defaultConfigurationName = Release;
		};
		0F1A3F29295DB510008DAEAE /* Build configuration list for PBXNativeTarget "RxswiftMVVMTest" */ = {
			isa = XCConfigurationList;
			buildConfigurations = (
				0F1A3F2A295DB510008DAEAE /* Debug */,
				0F1A3F2B295DB510008DAEAE /* Release */,
			);
			defaultConfigurationIsVisible = 0;
			defaultConfigurationName = Release;
		};
/* End XCConfigurationList section */
	};
	rootObject = 0F1A3F0D295DB50E008DAEAE /* Project object */;
}
